{
    "_meta": {
        "hash": {
            "sha256": "a926c306bed6051a2100058df761fe1569bf6faacc10881e10acc0519dd07a10"
        },
        "pipfile-spec": 6,
        "requires": {
            "python_version": "3.10"
        },
        "sources": [
            {
                "name": "pypi",
                "url": "https://pypi.org/simple",
                "verify_ssl": true
            }
        ]
    },
    "default": {
        "alembic": {
            "hashes": [
                "sha256:99bd884ca390466db5e27ffccff1d179ec5c05c965cfefc0607e69f9e411cb25",
                "sha256:b00892b53b3642d0b8dbedba234dbf1924b69be83a9a769d5a624b01094e304b"
            ],
            "index": "pypi",
            "markers": "python_version >= '3.8'",
            "version": "==1.14.0"
        },
        "annotated-types": {
            "hashes": [
                "sha256:1f02e8b43a8fbbc3f3e0d4f0f4bfc8131bcb4eebe8849b8e5c773f3a1c582a53",
                "sha256:aff07c09a53a08bc8cfccb9c85b05f1aa9a2a6f23728d790723543408344ce89"
            ],
            "markers": "python_version >= '3.8'",
            "version": "==0.7.0"
        },
        "anyio": {
            "hashes": [
                "sha256:44a3c9aba0f5defa43261a8b3efb97891f2bd7d804e0e1f56419befa1adfc780",
                "sha256:91dee416e570e92c64041bd18b900d1d6fa78dff7048769ce5ac5ddad004fbb5"
            ],
            "markers": "python_version >= '3.7'",
            "version": "==3.7.1"
        },
        "bcrypt": {
            "hashes": [
                "sha256:089098effa1bc35dc055366740a067a2fc76987e8ec75349eb9484061c54f535",
                "sha256:08d2947c490093a11416df18043c27abe3921558d2c03e2076ccb28a116cb6d0",
                "sha256:0eaa47d4661c326bfc9d08d16debbc4edf78778e6aaba29c1bc7ce67214d4410",
                "sha256:27d375903ac8261cfe4047f6709d16f7d18d39b1ec92aaf72af989552a650ebd",
                "sha256:2b3ac11cf45161628f1f3733263e63194f22664bf4d0c0f3ab34099c02134665",
                "sha256:2caffdae059e06ac23fce178d31b4a702f2a3264c20bfb5ff541b338194d8fab",
                "sha256:3100851841186c25f127731b9fa11909ab7b1df6fc4b9f8353f4f1fd952fbf71",
                "sha256:5ad4d32a28b80c5fa6671ccfb43676e8c1cc232887759d1cd7b6f56ea4355215",
                "sha256:67a97e1c405b24f19d08890e7ae0c4f7ce1e56a712a016746c8b2d7732d65d4b",
                "sha256:705b2cea8a9ed3d55b4491887ceadb0106acf7c6387699fca771af56b1cdeeda",
                "sha256:8a68f4341daf7522fe8d73874de8906f3a339048ba406be6ddc1b3ccb16fc0d9",
                "sha256:a522427293d77e1c29e303fc282e2d71864579527a04ddcfda6d4f8396c6c36a",
                "sha256:ae88eca3024bb34bb3430f964beab71226e761f51b912de5133470b649d82344",
                "sha256:b1023030aec778185a6c16cf70f359cbb6e0c289fd564a7cfa29e727a1c38f8f",
                "sha256:b3b85202d95dd568efcb35b53936c5e3b3600c7cdcc6115ba461df3a8e89f38d",
                "sha256:b57adba8a1444faf784394de3436233728a1ecaeb6e07e8c22c8848f179b893c",
                "sha256:bf4fa8b2ca74381bb5442c089350f09a3f17797829d958fad058d6e44d9eb83c",
                "sha256:ca3204d00d3cb2dfed07f2d74a25f12fc12f73e606fcaa6975d1f7ae69cacbb2",
                "sha256:cbb03eec97496166b704ed663a53680ab57c5084b2fc98ef23291987b525cb7d",
                "sha256:e9a51bbfe7e9802b5f3508687758b564069ba937748ad7b9e890086290d2f79e",
                "sha256:fbdaec13c5105f0c4e5c52614d04f0bca5f5af007910daa8b6b12095edaa67b3"
            ],
            "index": "pypi",
            "markers": "python_version >= '3.6'",
            "version": "==4.0.1"
        },
        "click": {
            "hashes": [
                "sha256:63c132bbbed01578a06712a2d1f497bb62d9c1c0d329b7903a866228027263b2",
                "sha256:ed53c9d8990d83c2a27deae68e4ee337473f6330c040a31d4225c9574d16096a"
            ],
            "markers": "python_version >= '3.7'",
            "version": "==8.1.8"
        },
        "colorama": {
            "hashes": [
                "sha256:08695f5cb7ed6e0531a20572697297273c47b8cae5a63ffc6d6ed5c201be6e44",
                "sha256:4f1d9991f5acc0ca119f9d443620b77f9d6b33703e51011c16baf57afb285fc6"
            ],
            "markers": "platform_system == 'Windows'",
            "version": "==0.4.6"
        },
        "dnspython": {
            "hashes": [
                "sha256:b4c34b7d10b51bcc3a5071e7b8dee77939f1e878477eeecc965e9835f63c6c86",
                "sha256:ce9c432eda0dc91cf618a5cedf1a4e142651196bbcd2c80e89ed5a907e5cfaf1"
            ],
            "markers": "python_version >= '3.9'",
            "version": "==2.7.0"
        },
        "ecdsa": {
            "hashes": [
                "sha256:2cea9b88407fdac7bbeca0833b189e4c9c53f2ef1e1eaa29f6224dbc809b707a",
                "sha256:60eaad1199659900dd0af521ed462b793bbdf867432b3948e87416ae4caf6bf8"
            ],
            "markers": "python_version >= '2.6' and python_version not in '3.0, 3.1, 3.2, 3.3, 3.4'",
            "version": "==0.19.0"
        },
        "email-validator": {
            "hashes": [
                "sha256:4496ecc949b51e42d1c9e6159d57cd04ef017af57d2e366ed7fd998f1bf8af69",
                "sha256:5f511cca8856bb03251d6292ba59e7f98978aae13fa5823ddd8bf885c56a6260"
            ],
            "index": "pypi",
            "markers": "python_version >= '3.7'",
            "version": "==2.1.0"
        },
        "exceptiongroup": {
            "hashes": [
                "sha256:3111b9d131c238bec2f8f516e123e14ba243563fb135d3fe885990585aa7795b",
                "sha256:47c2edf7c6738fafb49fd34290706d1a1a2f4d1c6df275526b62cbb4aa5393cc"
            ],
            "markers": "python_version < '3.11'",
            "version": "==1.2.2"
        },
        "fastapi": {
            "hashes": [
                "sha256:752dc31160cdbd0436bb93bad51560b57e525cbb1d4bbf6f4904ceee75548241",
                "sha256:e5e4540a7c5e1dcfbbcf5b903c234feddcdcd881f191977a1c5dfd917487e7ae"
            ],
            "index": "pypi",
            "markers": "python_version >= '3.8'",
            "version": "==0.104.1"
        },
        "greenlet": {
            "hashes": [
                "sha256:0153404a4bb921f0ff1abeb5ce8a5131da56b953eda6e14b88dc6bbc04d2049e",
                "sha256:03a088b9de532cbfe2ba2034b2b85e82df37874681e8c470d6fb2f8c04d7e4b7",
                "sha256:04b013dc07c96f83134b1e99888e7a79979f1a247e2a9f59697fa14b5862ed01",
                "sha256:05175c27cb459dcfc05d026c4232f9de8913ed006d42713cb8a5137bd49375f1",
                "sha256:09fc016b73c94e98e29af67ab7b9a879c307c6731a2c9da0db5a7d9b7edd1159",
                "sha256:0bbae94a29c9e5c7e4a2b7f0aae5c17e8e90acbfd3bf6270eeba60c39fce3563",
                "sha256:0fde093fb93f35ca72a556cf72c92ea3ebfda3d79fc35bb19fbe685853869a83",
                "sha256:1443279c19fca463fc33e65ef2a935a5b09bb90f978beab37729e1c3c6c25fe9",
                "sha256:1776fd7f989fc6b8d8c8cb8da1f6b82c5814957264d1f6cf818d475ec2bf6395",
                "sha256:1d3755bcb2e02de341c55b4fca7a745a24a9e7212ac953f6b3a48d117d7257aa",
                "sha256:23f20bb60ae298d7d8656c6ec6db134bca379ecefadb0b19ce6f19d1f232a942",
                "sha256:275f72decf9932639c1c6dd1013a1bc266438eb32710016a1c742df5da6e60a1",
                "sha256:2846930c65b47d70b9d178e89c7e1a69c95c1f68ea5aa0a58646b7a96df12441",
                "sha256:3319aa75e0e0639bc15ff54ca327e8dc7a6fe404003496e3c6925cd3142e0e22",
                "sha256:346bed03fe47414091be4ad44786d1bd8bef0c3fcad6ed3dee074a032ab408a9",
                "sha256:36b89d13c49216cadb828db8dfa6ce86bbbc476a82d3a6c397f0efae0525bdd0",
                "sha256:37b9de5a96111fc15418819ab4c4432e4f3c2ede61e660b1e33971eba26ef9ba",
                "sha256:396979749bd95f018296af156201d6211240e7a23090f50a8d5d18c370084dc3",
                "sha256:3b2813dc3de8c1ee3f924e4d4227999285fd335d1bcc0d2be6dc3f1f6a318ec1",
                "sha256:411f015496fec93c1c8cd4e5238da364e1da7a124bcb293f085bf2860c32c6f6",
                "sha256:47da355d8687fd65240c364c90a31569a133b7b60de111c255ef5b606f2ae291",
                "sha256:48ca08c771c268a768087b408658e216133aecd835c0ded47ce955381105ba39",
                "sha256:4afe7ea89de619adc868e087b4d2359282058479d7cfb94970adf4b55284574d",
                "sha256:4ce3ac6cdb6adf7946475d7ef31777c26d94bccc377e070a7986bd2d5c515467",
                "sha256:4ead44c85f8ab905852d3de8d86f6f8baf77109f9da589cb4fa142bd3b57b475",
                "sha256:54558ea205654b50c438029505def3834e80f0869a70fb15b871c29b4575ddef",
                "sha256:5e06afd14cbaf9e00899fae69b24a32f2196c19de08fcb9f4779dd4f004e5e7c",
                "sha256:62ee94988d6b4722ce0028644418d93a52429e977d742ca2ccbe1c4f4a792511",
                "sha256:63e4844797b975b9af3a3fb8f7866ff08775f5426925e1e0bbcfe7932059a12c",
                "sha256:6510bf84a6b643dabba74d3049ead221257603a253d0a9873f55f6a59a65f822",
                "sha256:667a9706c970cb552ede35aee17339a18e8f2a87a51fba2ed39ceeeb1004798a",
                "sha256:6ef9ea3f137e5711f0dbe5f9263e8c009b7069d8a1acea822bd5e9dae0ae49c8",
                "sha256:7017b2be767b9d43cc31416aba48aab0d2309ee31b4dbf10a1d38fb7972bdf9d",
                "sha256:7124e16b4c55d417577c2077be379514321916d5790fa287c9ed6f23bd2ffd01",
                "sha256:73aaad12ac0ff500f62cebed98d8789198ea0e6f233421059fa68a5aa7220145",
                "sha256:77c386de38a60d1dfb8e55b8c1101d68c79dfdd25c7095d51fec2dd800892b80",
                "sha256:7876452af029456b3f3549b696bb36a06db7c90747740c5302f74a9e9fa14b13",
                "sha256:7939aa3ca7d2a1593596e7ac6d59391ff30281ef280d8632fa03d81f7c5f955e",
                "sha256:8320f64b777d00dd7ccdade271eaf0cad6636343293a25074cc5566160e4de7b",
                "sha256:85f3ff71e2e60bd4b4932a043fbbe0f499e263c628390b285cb599154a3b03b1",
                "sha256:8b8b36671f10ba80e159378df9c4f15c14098c4fd73a36b9ad715f057272fbef",
                "sha256:93147c513fac16385d1036b7e5b102c7fbbdb163d556b791f0f11eada7ba65dc",
                "sha256:935e943ec47c4afab8965954bf49bfa639c05d4ccf9ef6e924188f762145c0ff",
                "sha256:94b6150a85e1b33b40b1464a3f9988dcc5251d6ed06842abff82e42632fac120",
                "sha256:94ebba31df2aa506d7b14866fed00ac141a867e63143fe5bca82a8e503b36437",
                "sha256:95ffcf719966dd7c453f908e208e14cde192e09fde6c7186c8f1896ef778d8cd",
                "sha256:98884ecf2ffb7d7fe6bd517e8eb99d31ff7855a840fa6d0d63cd07c037f6a981",
                "sha256:99cfaa2110534e2cf3ba31a7abcac9d328d1d9f1b95beede58294a60348fba36",
                "sha256:9e8f8c9cb53cdac7ba9793c276acd90168f416b9ce36799b9b885790f8ad6c0a",
                "sha256:a0dfc6c143b519113354e780a50381508139b07d2177cb6ad6a08278ec655798",
                "sha256:b2795058c23988728eec1f36a4e5e4ebad22f8320c85f3587b539b9ac84128d7",
                "sha256:b42703b1cf69f2aa1df7d1030b9d77d3e584a70755674d60e710f0af570f3761",
                "sha256:b7cede291382a78f7bb5f04a529cb18e068dd29e0fb27376074b6d0317bf4dd0",
                "sha256:b8a678974d1f3aa55f6cc34dc480169d58f2e6d8958895d68845fa4ab566509e",
                "sha256:b8da394b34370874b4572676f36acabac172602abf054cbc4ac910219f3340af",
                "sha256:c3a701fe5a9695b238503ce5bbe8218e03c3bcccf7e204e455e7462d770268aa",
                "sha256:c4aab7f6381f38a4b42f269057aee279ab0fc7bf2e929e3d4abfae97b682a12c",
                "sha256:ca9d0ff5ad43e785350894d97e13633a66e2b50000e8a183a50a88d834752d42",
                "sha256:d0028e725ee18175c6e422797c407874da24381ce0690d6b9396c204c7f7276e",
                "sha256:d21e10da6ec19b457b82636209cbe2331ff4306b54d06fa04b7c138ba18c8a81",
                "sha256:d5e975ca70269d66d17dd995dafc06f1b06e8cb1ec1e9ed54c1d1e4a7c4cf26e",
                "sha256:da7a9bff22ce038e19bf62c4dd1ec8391062878710ded0a845bcf47cc0200617",
                "sha256:db32b5348615a04b82240cc67983cb315309e88d444a288934ee6ceaebcad6cc",
                "sha256:dcc62f31eae24de7f8dce72134c8651c58000d3b1868e01392baea7c32c247de",
                "sha256:dfc59d69fc48664bc693842bd57acfdd490acafda1ab52c7836e3fc75c90a111",
                "sha256:e347b3bfcf985a05e8c0b7d462ba6f15b1ee1c909e2dcad795e49e91b152c383",
                "sha256:e4d333e558953648ca09d64f13e6d8f0523fa705f51cae3f03b5983489958c70",
                "sha256:ed10eac5830befbdd0c32f83e8aa6288361597550ba669b04c48f0f9a2c843c6",
                "sha256:efc0f674aa41b92da8c49e0346318c6075d734994c3c4e4430b1c3f853e498e4",
                "sha256:f1695e76146579f8c06c1509c7ce4dfe0706f49c6831a817ac04eebb2fd02011",
                "sha256:f1d4aeb8891338e60d1ab6127af1fe45def5259def8094b9c7e34690c8858803",
                "sha256:f406b22b7c9a9b4f8aa9d2ab13d6ae0ac3e85c9a809bd590ad53fed2bf70dc79",
                "sha256:f6ff3b14f2df4c41660a7dec01045a045653998784bf8cfcb5a525bdffffbc8f"
            ],
            "markers": "platform_machine == 'aarch64' or (platform_machine == 'ppc64le' or (platform_machine == 'x86_64' or (platform_machine == 'amd64' or (platform_machine == 'AMD64' or (platform_machine == 'win32' or platform_machine == 'WIN32')))))",
            "version": "==3.1.1"
        },
        "h11": {
            "hashes": [
                "sha256:8f19fbbe99e72420ff35c00b27a34cb9937e902a8b810e2c88300c6f0a3b699d",
                "sha256:e3fe4ac4b851c468cc8363d500db52c2ead036020723024a109d37346efaa761"
            ],
            "markers": "python_version >= '3.7'",
            "version": "==0.14.0"
        },
        "idna": {
            "hashes": [
                "sha256:12f65c9b470abda6dc35cf8e63cc574b1c52b11df2c86030af0ac09b01b13ea9",
                "sha256:946d195a0d259cbba61165e88e65941f16e9b36ea6ddb97f00452bae8b1287d3"
            ],
            "markers": "python_version >= '3.6'",
            "version": "==3.10"
        },
        "mako": {
            "hashes": [
                "sha256:42f48953c7eb91332040ff567eb7eea69b22e7a4affbc5ba8e845e8f730f6627",
                "sha256:577b97e414580d3e088d47c2dbbe9594aa7a5146ed2875d4dfa9075af2dd3cc8"
            ],
            "markers": "python_version >= '3.8'",
            "version": "==1.3.8"
        },
        "markupsafe": {
            "hashes": [
                "sha256:0bff5e0ae4ef2e1ae4fdf2dfd5b76c75e5c2fa4132d05fc1b0dabcd20c7e28c4",
                "sha256:0f4ca02bea9a23221c0182836703cbf8930c5e9454bacce27e767509fa286a30",
                "sha256:1225beacc926f536dc82e45f8a4d68502949dc67eea90eab715dea3a21c1b5f0",
                "sha256:131a3c7689c85f5ad20f9f6fb1b866f402c445b220c19fe4308c0b147ccd2ad9",
                "sha256:15ab75ef81add55874e7ab7055e9c397312385bd9ced94920f2802310c930396",
                "sha256:1a9d3f5f0901fdec14d8d2f66ef7d035f2157240a433441719ac9a3fba440b13",
                "sha256:1c99d261bd2d5f6b59325c92c73df481e05e57f19837bdca8413b9eac4bd8028",
                "sha256:1e084f686b92e5b83186b07e8a17fc09e38fff551f3602b249881fec658d3eca",
                "sha256:2181e67807fc2fa785d0592dc2d6206c019b9502410671cc905d132a92866557",
                "sha256:2cb8438c3cbb25e220c2ab33bb226559e7afb3baec11c4f218ffa7308603c832",
                "sha256:3169b1eefae027567d1ce6ee7cae382c57fe26e82775f460f0b2778beaad66c0",
                "sha256:3809ede931876f5b2ec92eef964286840ed3540dadf803dd570c3b7e13141a3b",
                "sha256:38a9ef736c01fccdd6600705b09dc574584b89bea478200c5fbf112a6b0d5579",
                "sha256:3d79d162e7be8f996986c064d1c7c817f6df3a77fe3d6859f6f9e7be4b8c213a",
                "sha256:444dcda765c8a838eaae23112db52f1efaf750daddb2d9ca300bcae1039adc5c",
                "sha256:48032821bbdf20f5799ff537c7ac3d1fba0ba032cfc06194faffa8cda8b560ff",
                "sha256:4aa4e5faecf353ed117801a068ebab7b7e09ffb6e1d5e412dc852e0da018126c",
                "sha256:52305740fe773d09cffb16f8ed0427942901f00adedac82ec8b67752f58a1b22",
                "sha256:569511d3b58c8791ab4c2e1285575265991e6d8f8700c7be0e88f86cb0672094",
                "sha256:57cb5a3cf367aeb1d316576250f65edec5bb3be939e9247ae594b4bcbc317dfb",
                "sha256:5b02fb34468b6aaa40dfc198d813a641e3a63b98c2b05a16b9f80b7ec314185e",
                "sha256:6381026f158fdb7c72a168278597a5e3a5222e83ea18f543112b2662a9b699c5",
                "sha256:6af100e168aa82a50e186c82875a5893c5597a0c1ccdb0d8b40240b1f28b969a",
                "sha256:6c89876f41da747c8d3677a2b540fb32ef5715f97b66eeb0c6b66f5e3ef6f59d",
                "sha256:6e296a513ca3d94054c2c881cc913116e90fd030ad1c656b3869762b754f5f8a",
                "sha256:70a87b411535ccad5ef2f1df5136506a10775d267e197e4cf531ced10537bd6b",
                "sha256:7e94c425039cde14257288fd61dcfb01963e658efbc0ff54f5306b06054700f8",
                "sha256:846ade7b71e3536c4e56b386c2a47adf5741d2d8b94ec9dc3e92e5e1ee1e2225",
                "sha256:88416bd1e65dcea10bc7569faacb2c20ce071dd1f87539ca2ab364bf6231393c",
                "sha256:88b49a3b9ff31e19998750c38e030fc7bb937398b1f78cfa599aaef92d693144",
                "sha256:8c4e8c3ce11e1f92f6536ff07154f9d49677ebaaafc32db9db4620bc11ed480f",
                "sha256:8e06879fc22a25ca47312fbe7c8264eb0b662f6db27cb2d3bbbc74b1df4b9b87",
                "sha256:9025b4018f3a1314059769c7bf15441064b2207cb3f065e6ea1e7359cb46db9d",
                "sha256:93335ca3812df2f366e80509ae119189886b0f3c2b81325d39efdb84a1e2ae93",
                "sha256:9778bd8ab0a994ebf6f84c2b949e65736d5575320a17ae8984a77fab08db94cf",
                "sha256:9e2d922824181480953426608b81967de705c3cef4d1af983af849d7bd619158",
                "sha256:a123e330ef0853c6e822384873bef7507557d8e4a082961e1defa947aa59ba84",
                "sha256:a904af0a6162c73e3edcb969eeeb53a63ceeb5d8cf642fade7d39e7963a22ddb",
                "sha256:ad10d3ded218f1039f11a75f8091880239651b52e9bb592ca27de44eed242a48",
                "sha256:b424c77b206d63d500bcb69fa55ed8d0e6a3774056bdc4839fc9298a7edca171",
                "sha256:b5a6b3ada725cea8a5e634536b1b01c30bcdcd7f9c6fff4151548d5bf6b3a36c",
                "sha256:ba8062ed2cf21c07a9e295d5b8a2a5ce678b913b45fdf68c32d95d6c1291e0b6",
                "sha256:ba9527cdd4c926ed0760bc301f6728ef34d841f405abf9d4f959c478421e4efd",
                "sha256:bbcb445fa71794da8f178f0f6d66789a28d7319071af7a496d4d507ed566270d",
                "sha256:bcf3e58998965654fdaff38e58584d8937aa3096ab5354d493c77d1fdd66d7a1",
                "sha256:c0ef13eaeee5b615fb07c9a7dadb38eac06a0608b41570d8ade51c56539e509d",
                "sha256:cabc348d87e913db6ab4aa100f01b08f481097838bdddf7c7a84b7575b7309ca",
                "sha256:cdb82a876c47801bb54a690c5ae105a46b392ac6099881cdfb9f6e95e4014c6a",
                "sha256:cfad01eed2c2e0c01fd0ecd2ef42c492f7f93902e39a42fc9ee1692961443a29",
                "sha256:d16a81a06776313e817c951135cf7340a3e91e8c1ff2fac444cfd75fffa04afe",
                "sha256:d8213e09c917a951de9d09ecee036d5c7d36cb6cb7dbaece4c71a60d79fb9798",
                "sha256:e07c3764494e3776c602c1e78e298937c3315ccc9043ead7e685b7f2b8d47b3c",
                "sha256:e17c96c14e19278594aa4841ec148115f9c7615a47382ecb6b82bd8fea3ab0c8",
                "sha256:e444a31f8db13eb18ada366ab3cf45fd4b31e4db1236a4448f68778c1d1a5a2f",
                "sha256:e6a2a455bd412959b57a172ce6328d2dd1f01cb2135efda2e4576e8a23fa3b0f",
                "sha256:eaa0a10b7f72326f1372a713e73c3f739b524b3af41feb43e4921cb529f5929a",
                "sha256:eb7972a85c54febfb25b5c4b4f3af4dcc731994c7da0d8a0b4a6eb0640e1d178",
                "sha256:ee55d3edf80167e48ea11a923c7386f4669df67d7994554387f84e7d8b0a2bf0",
                "sha256:f3818cb119498c0678015754eba762e0d61e5b52d34c8b13d770f0719f7b1d79",
                "sha256:f8b3d067f2e40fe93e1ccdd6b2e1d16c43140e76f02fb1319a05cf2b79d99430",
                "sha256:fcabf5ff6eea076f859677f5f0b6b5c1a51e70a376b0579e0eadef8db48c6b50"
            ],
            "markers": "python_version >= '3.9'",
            "version": "==3.0.2"
        },
        "passlib": {
            "hashes": [
                "sha256:aa6bca462b8d8bda89c70b382f0c298a20b5560af6cbfa2dce410c0a2fb669f1",
                "sha256:defd50f72b65c5402ab2c573830a6978e5f202ad0d984793c8dde2c4152ebe04"
            ],
            "index": "pypi",
            "version": "==1.7.4"
        },
        "psycopg2-binary": {
            "hashes": [
                "sha256:03ef7df18daf2c4c07e2695e8cfd5ee7f748a1d54d802330985a78d2a5a6dca9",
                "sha256:0a602ea5aff39bb9fac6308e9c9d82b9a35c2bf288e184a816002c9fae930b77",
                "sha256:0c009475ee389757e6e34611d75f6e4f05f0cf5ebb76c6037508318e1a1e0d7e",
                "sha256:0ef4854e82c09e84cc63084a9e4ccd6d9b154f1dbdd283efb92ecd0b5e2b8c84",
                "sha256:1236ed0952fbd919c100bc839eaa4a39ebc397ed1c08a97fc45fee2a595aa1b3",
                "sha256:143072318f793f53819048fdfe30c321890af0c3ec7cb1dfc9cc87aa88241de2",
                "sha256:15208be1c50b99203fe88d15695f22a5bed95ab3f84354c494bcb1d08557df67",
                "sha256:1873aade94b74715be2246321c8650cabf5a0d098a95bab81145ffffa4c13876",
                "sha256:18d0ef97766055fec15b5de2c06dd8e7654705ce3e5e5eed3b6651a1d2a9a152",
                "sha256:1ea665f8ce695bcc37a90ee52de7a7980be5161375d42a0b6c6abedbf0d81f0f",
                "sha256:2293b001e319ab0d869d660a704942c9e2cce19745262a8aba2115ef41a0a42a",
                "sha256:246b123cc54bb5361588acc54218c8c9fb73068bf227a4a531d8ed56fa3ca7d6",
                "sha256:275ff571376626195ab95a746e6a04c7df8ea34638b99fc11160de91f2fef503",
                "sha256:281309265596e388ef483250db3640e5f414168c5a67e9c665cafce9492eda2f",
                "sha256:2d423c8d8a3c82d08fe8af900ad5b613ce3632a1249fd6a223941d0735fce493",
                "sha256:2e5afae772c00980525f6d6ecf7cbca55676296b580c0e6abb407f15f3706996",
                "sha256:30dcc86377618a4c8f3b72418df92e77be4254d8f89f14b8e8f57d6d43603c0f",
                "sha256:31a34c508c003a4347d389a9e6fcc2307cc2150eb516462a7a17512130de109e",
                "sha256:323ba25b92454adb36fa425dc5cf6f8f19f78948cbad2e7bc6cdf7b0d7982e59",
                "sha256:34eccd14566f8fe14b2b95bb13b11572f7c7d5c36da61caf414d23b91fcc5d94",
                "sha256:3a58c98a7e9c021f357348867f537017057c2ed7f77337fd914d0bedb35dace7",
                "sha256:3f78fd71c4f43a13d342be74ebbc0666fe1f555b8837eb113cb7416856c79682",
                "sha256:4154ad09dac630a0f13f37b583eae260c6aa885d67dfbccb5b02c33f31a6d420",
                "sha256:420f9bbf47a02616e8554e825208cb947969451978dceb77f95ad09c37791dae",
                "sha256:4686818798f9194d03c9129a4d9a702d9e113a89cb03bffe08c6cf799e053291",
                "sha256:57fede879f08d23c85140a360c6a77709113efd1c993923c59fde17aa27599fe",
                "sha256:60989127da422b74a04345096c10d416c2b41bd7bf2a380eb541059e4e999980",
                "sha256:64cf30263844fa208851ebb13b0732ce674d8ec6a0c86a4e160495d299ba3c93",
                "sha256:68fc1f1ba168724771e38bee37d940d2865cb0f562380a1fb1ffb428b75cb692",
                "sha256:6e6f98446430fdf41bd36d4faa6cb409f5140c1c2cf58ce0bbdaf16af7d3f119",
                "sha256:729177eaf0aefca0994ce4cffe96ad3c75e377c7b6f4efa59ebf003b6d398716",
                "sha256:72dffbd8b4194858d0941062a9766f8297e8868e1dd07a7b36212aaa90f49472",
                "sha256:75723c3c0fbbf34350b46a3199eb50638ab22a0228f93fb472ef4d9becc2382b",
                "sha256:77853062a2c45be16fd6b8d6de2a99278ee1d985a7bd8b103e97e41c034006d2",
                "sha256:78151aa3ec21dccd5cdef6c74c3e73386dcdfaf19bced944169697d7ac7482fc",
                "sha256:7f01846810177d829c7692f1f5ada8096762d9172af1b1a28d4ab5b77c923c1c",
                "sha256:804d99b24ad523a1fe18cc707bf741670332f7c7412e9d49cb5eab67e886b9b5",
                "sha256:81ff62668af011f9a48787564ab7eded4e9fb17a4a6a74af5ffa6a457400d2ab",
                "sha256:8359bf4791968c5a78c56103702000105501adb557f3cf772b2c207284273984",
                "sha256:83791a65b51ad6ee6cf0845634859d69a038ea9b03d7b26e703f94c7e93dbcf9",
                "sha256:8532fd6e6e2dc57bcb3bc90b079c60de896d2128c5d9d6f24a63875a95a088cf",
                "sha256:876801744b0dee379e4e3c38b76fc89f88834bb15bf92ee07d94acd06ec890a0",
                "sha256:8dbf6d1bc73f1d04ec1734bae3b4fb0ee3cb2a493d35ede9badbeb901fb40f6f",
                "sha256:8f8544b092a29a6ddd72f3556a9fcf249ec412e10ad28be6a0c0d948924f2212",
                "sha256:911dda9c487075abd54e644ccdf5e5c16773470a6a5d3826fda76699410066fb",
                "sha256:977646e05232579d2e7b9c59e21dbe5261f403a88417f6a6512e70d3f8a046be",
                "sha256:9dba73be7305b399924709b91682299794887cbbd88e38226ed9f6712eabee90",
                "sha256:a148c5d507bb9b4f2030a2025c545fccb0e1ef317393eaba42e7eabd28eb6041",
                "sha256:a6cdcc3ede532f4a4b96000b6362099591ab4a3e913d70bcbac2b56c872446f7",
                "sha256:ac05fb791acf5e1a3e39402641827780fe44d27e72567a000412c648a85ba860",
                "sha256:b0605eaed3eb239e87df0d5e3c6489daae3f7388d455d0c0b4df899519c6a38d",
                "sha256:b58b4710c7f4161b5e9dcbe73bb7c62d65670a87df7bcce9e1faaad43e715245",
                "sha256:b6356793b84728d9d50ead16ab43c187673831e9d4019013f1402c41b1db9b27",
                "sha256:b76bedd166805480ab069612119ea636f5ab8f8771e640ae103e05a4aae3e417",
                "sha256:bc7bb56d04601d443f24094e9e31ae6deec9ccb23581f75343feebaf30423359",
                "sha256:c2470da5418b76232f02a2fcd2229537bb2d5a7096674ce61859c3229f2eb202",
                "sha256:c332c8d69fb64979ebf76613c66b985414927a40f8defa16cf1bc028b7b0a7b0",
                "sha256:c6af2a6d4b7ee9615cbb162b0738f6e1fd1f5c3eda7e5da17861eacf4c717ea7",
                "sha256:c77e3d1862452565875eb31bdb45ac62502feabbd53429fdc39a1cc341d681ba",
                "sha256:ca08decd2697fdea0aea364b370b1249d47336aec935f87b8bbfd7da5b2ee9c1",
                "sha256:ca49a8119c6cbd77375ae303b0cfd8c11f011abbbd64601167ecca18a87e7cdd",
                "sha256:cb16c65dcb648d0a43a2521f2f0a2300f40639f6f8c1ecbc662141e4e3e1ee07",
                "sha256:d2997c458c690ec2bc6b0b7ecbafd02b029b7b4283078d3b32a852a7ce3ddd98",
                "sha256:d3f82c171b4ccd83bbaf35aa05e44e690113bd4f3b7b6cc54d2219b132f3ae55",
                "sha256:dc4926288b2a3e9fd7b50dc6a1909a13bbdadfc67d93f3374d984e56f885579d",
                "sha256:ead20f7913a9c1e894aebe47cccf9dc834e1618b7aa96155d2091a626e59c972",
                "sha256:ebdc36bea43063116f0486869652cb2ed7032dbc59fbcb4445c4862b5c1ecf7f",
                "sha256:ed1184ab8f113e8d660ce49a56390ca181f2981066acc27cf637d5c1e10ce46e",
                "sha256:ee825e70b1a209475622f7f7b776785bd68f34af6e7a46e2e42f27b659b5bc26",
                "sha256:f7ae5d65ccfbebdfa761585228eb4d0df3a8b15cfb53bd953e713e09fbb12957",
                "sha256:f7fc5a5acafb7d6ccca13bfa8c90f8c51f13d8fb87d95656d3950f0158d3ce53",
                "sha256:f9b5571d33660d5009a8b3c25dc1db560206e2d2f89d3df1cb32d72c0d117d52"
            ],
            "index": "pypi",
            "markers": "python_version >= '3.7'",
            "version": "==2.9.9"
        },
        "pyasn1": {
            "hashes": [
                "sha256:0d632f46f2ba09143da3a8afe9e33fb6f92fa2320ab7e886e2d0f7672af84629",
                "sha256:6f580d2bdd84365380830acf45550f2511469f673cb4a5ae3857a3170128b034"
            ],
            "markers": "python_version >= '3.8'",
            "version": "==0.6.1"
        },
        "pydantic": {
            "hashes": [
                "sha256:80c50fb8e3dcecfddae1adbcc00ec5822918490c99ab31f6cf6140ca1c1429f0",
                "sha256:ff177ba64c6faf73d7afa2e8cad38fd456c0dbe01c9954e71038001cd15a6edd"
            ],
            "index": "pypi",
            "markers": "python_version >= '3.7'",
            "version": "==2.5.2"
        },
        "pydantic-core": {
            "hashes": [
                "sha256:038c9f763e650712b899f983076ce783175397c848da04985658e7628cbe873b",
                "sha256:074f3d86f081ce61414d2dc44901f4f83617329c6f3ab49d2bc6c96948b2c26b",
                "sha256:079206491c435b60778cf2b0ee5fd645e61ffd6e70c47806c9ed51fc75af078d",
                "sha256:09b0e985fbaf13e6b06a56d21694d12ebca6ce5414b9211edf6f17738d82b0f8",
                "sha256:0f6116a558fd06d1b7c2902d1c4cf64a5bd49d67c3540e61eccca93f41418124",
                "sha256:103ef8d5b58596a731b690112819501ba1db7a36f4ee99f7892c40da02c3e189",
                "sha256:16e29bad40bcf97aac682a58861249ca9dcc57c3f6be22f506501833ddb8939c",
                "sha256:206ed23aecd67c71daf5c02c3cd19c0501b01ef3cbf7782db9e4e051426b3d0d",
                "sha256:2248485b0322c75aee7565d95ad0e16f1c67403a470d02f94da7344184be770f",
                "sha256:27548e16c79702f1e03f5628589c6057c9ae17c95b4c449de3c66b589ead0520",
                "sha256:2d0ae0d8670164e10accbeb31d5ad45adb71292032d0fdb9079912907f0085f4",
                "sha256:3128e0bbc8c091ec4375a1828d6118bc20404883169ac95ffa8d983b293611e6",
                "sha256:3387277f1bf659caf1724e1afe8ee7dbc9952a82d90f858ebb931880216ea955",
                "sha256:34708cc82c330e303f4ce87758828ef6e457681b58ce0e921b6e97937dd1e2a3",
                "sha256:35613015f0ba7e14c29ac6c2483a657ec740e5ac5758d993fdd5870b07a61d8b",
                "sha256:3ad873900297bb36e4b6b3f7029d88ff9829ecdc15d5cf20161775ce12306f8a",
                "sha256:40180930807ce806aa71eda5a5a5447abb6b6a3c0b4b3b1b1962651906484d68",
                "sha256:439c9afe34638ace43a49bf72d201e0ffc1a800295bed8420c2a9ca8d5e3dbb3",
                "sha256:45e95333b8418ded64745f14574aa9bfc212cb4fbeed7a687b0c6e53b5e188cd",
                "sha256:4641e8ad4efb697f38a9b64ca0523b557c7931c5f84e0fd377a9a3b05121f0de",
                "sha256:49b08aae5013640a3bfa25a8eebbd95638ec3f4b2eaf6ed82cf0c7047133f03b",
                "sha256:4bc536201426451f06f044dfbf341c09f540b4ebdb9fd8d2c6164d733de5e634",
                "sha256:4ce601907e99ea5b4adb807ded3570ea62186b17f88e271569144e8cca4409c7",
                "sha256:4e40f2bd0d57dac3feb3a3aed50f17d83436c9e6b09b16af271b6230a2915459",
                "sha256:4e47a76848f92529879ecfc417ff88a2806438f57be4a6a8bf2961e8f9ca9ec7",
                "sha256:513b07e99c0a267b1d954243845d8a833758a6726a3b5d8948306e3fe14675e3",
                "sha256:531f4b4252fac6ca476fbe0e6f60f16f5b65d3e6b583bc4d87645e4e5ddde331",
                "sha256:57d52fa717ff445cb0a5ab5237db502e6be50809b43a596fb569630c665abddf",
                "sha256:59986de5710ad9613ff61dd9b02bdd2f615f1a7052304b79cc8fa2eb4e336d2d",
                "sha256:5baab5455c7a538ac7e8bf1feec4278a66436197592a9bed538160a2e7d11e36",
                "sha256:5c7d5b5005f177764e96bd584d7bf28d6e26e96f2a541fdddb934c486e36fd59",
                "sha256:60b7607753ba62cf0739177913b858140f11b8af72f22860c28eabb2f0a61937",
                "sha256:615a0a4bff11c45eb3c1996ceed5bdaa2f7b432425253a7c2eed33bb86d80abc",
                "sha256:61ea96a78378e3bd5a0be99b0e5ed00057b71f66115f5404d0dae4819f495093",
                "sha256:652c1988019752138b974c28f43751528116bcceadad85f33a258869e641d753",
                "sha256:6637560562134b0e17de333d18e69e312e0458ee4455bdad12c37100b7cad706",
                "sha256:678265f7b14e138d9a541ddabbe033012a2953315739f8cfa6d754cc8063e8ca",
                "sha256:699156034181e2ce106c89ddb4b6504c30db8caa86e0c30de47b3e0654543260",
                "sha256:6b9ff467ffbab9110e80e8c8de3bcfce8e8b0fd5661ac44a09ae5901668ba997",
                "sha256:6c327e9cd849b564b234da821236e6bcbe4f359a42ee05050dc79d8ed2a91588",
                "sha256:6d30226dfc816dd0fdf120cae611dd2215117e4f9b124af8c60ab9093b6e8e71",
                "sha256:6e227c40c02fd873c2a73a98c1280c10315cbebe26734c196ef4514776120aeb",
                "sha256:6e4d090e73e0725b2904fdbdd8d73b8802ddd691ef9254577b708d413bf3006e",
                "sha256:70f4b4851dbb500129681d04cc955be2a90b2248d69273a787dda120d5cf1f69",
                "sha256:70f947628e074bb2526ba1b151cee10e4c3b9670af4dbb4d73bc8a89445916b5",
                "sha256:774de879d212db5ce02dfbf5b0da9a0ea386aeba12b0b95674a4ce0593df3d07",
                "sha256:77fa384d8e118b3077cccfcaf91bf83c31fe4dc850b5e6ee3dc14dc3d61bdba1",
                "sha256:79e0a2cdbdc7af3f4aee3210b1172ab53d7ddb6a2d8c24119b5706e622b346d0",
                "sha256:7e88f5696153dc516ba6e79f82cc4747e87027205f0e02390c21f7cb3bd8abfd",
                "sha256:7f8210297b04e53bc3da35db08b7302a6a1f4889c79173af69b72ec9754796b8",
                "sha256:81982d78a45d1e5396819bbb4ece1fadfe5f079335dd28c4ab3427cd95389944",
                "sha256:823fcc638f67035137a5cd3f1584a4542d35a951c3cc68c6ead1df7dac825c26",
                "sha256:853a2295c00f1d4429db4c0fb9475958543ee80cfd310814b5c0ef502de24dda",
                "sha256:88e74ab0cdd84ad0614e2750f903bb0d610cc8af2cc17f72c28163acfcf372a4",
                "sha256:8aa1768c151cf562a9992462239dfc356b3d1037cc5a3ac829bb7f3bda7cc1f9",
                "sha256:8c8a8812fe6f43a3a5b054af6ac2d7b8605c7bcab2804a8a7d68b53f3cd86e00",
                "sha256:95b15e855ae44f0c6341ceb74df61b606e11f1087e87dcb7482377374aac6abe",
                "sha256:96581cfefa9123accc465a5fd0cc833ac4d75d55cc30b633b402e00e7ced00a6",
                "sha256:9bd18fee0923ca10f9a3ff67d4851c9d3e22b7bc63d1eddc12f439f436f2aada",
                "sha256:a33324437018bf6ba1bb0f921788788641439e0ed654b233285b9c69704c27b4",
                "sha256:a6a16f4a527aae4f49c875da3cdc9508ac7eef26e7977952608610104244e1b7",
                "sha256:a717aef6971208f0851a2420b075338e33083111d92041157bbe0e2713b37325",
                "sha256:a71891847f0a73b1b9eb86d089baee301477abef45f7eaf303495cd1473613e4",
                "sha256:aae7ea3a1c5bb40c93cad361b3e869b180ac174656120c42b9fadebf685d121b",
                "sha256:ab1cdb0f14dc161ebc268c09db04d2c9e6f70027f3b42446fa11c153521c0e88",
                "sha256:ab4ea451082e684198636565224bbb179575efc1658c48281b2c866bfd4ddf04",
                "sha256:abf058be9517dc877227ec3223f0300034bd0e9f53aebd63cf4456c8cb1e0863",
                "sha256:af36f36538418f3806048f3b242a1777e2540ff9efaa667c27da63d2749dbce0",
                "sha256:b53e9ad053cd064f7e473a5f29b37fc4cc9dc6d35f341e6afc0155ea257fc911",
                "sha256:b7851992faf25eac90bfcb7bfd19e1f5ffa00afd57daec8a0042e63c74a4551b",
                "sha256:b9b759b77f5337b4ea024f03abc6464c9f35d9718de01cfe6bae9f2e139c397e",
                "sha256:ba39688799094c75ea8a16a6b544eb57b5b0f3328697084f3f2790892510d144",
                "sha256:ba6b6b3846cfc10fdb4c971980a954e49d447cd215ed5a77ec8190bc93dd7bc5",
                "sha256:bb4c2eda937a5e74c38a41b33d8c77220380a388d689bcdb9b187cf6224c9720",
                "sha256:c0b97ec434041827935044bbbe52b03d6018c2897349670ff8fe11ed24d1d4ab",
                "sha256:c1452a1acdf914d194159439eb21e56b89aa903f2e1c65c60b9d874f9b950e5d",
                "sha256:c2027d05c8aebe61d898d4cffd774840a9cb82ed356ba47a90d99ad768f39789",
                "sha256:c2adbe22ab4babbca99c75c5d07aaf74f43c3195384ec07ccbd2f9e3bddaecec",
                "sha256:c2d97e906b4ff36eb464d52a3bc7d720bd6261f64bc4bcdbcd2c557c02081ed2",
                "sha256:c339dabd8ee15f8259ee0f202679b6324926e5bc9e9a40bf981ce77c038553db",
                "sha256:c6eae413494a1c3f89055da7a5515f32e05ebc1a234c27674a6956755fb2236f",
                "sha256:c949f04ecad823f81b1ba94e7d189d9dfb81edbb94ed3f8acfce41e682e48cef",
                "sha256:c97bee68898f3f4344eb02fec316db93d9700fb1e6a5b760ffa20d71d9a46ce3",
                "sha256:ca61d858e4107ce5e1330a74724fe757fc7135190eb5ce5c9d0191729f033209",
                "sha256:cb4679d4c2b089e5ef89756bc73e1926745e995d76e11925e3e96a76d5fa51fc",
                "sha256:cb774298da62aea5c80a89bd58c40205ab4c2abf4834453b5de207d59d2e1651",
                "sha256:ccd4d5702bb90b84df13bd491be8d900b92016c5a455b7e14630ad7449eb03f8",
                "sha256:cf9d3fe53b1ee360e2421be95e62ca9b3296bf3f2fb2d3b83ca49ad3f925835e",
                "sha256:d2ae91f50ccc5810b2f1b6b858257c9ad2e08da70bf890dee02de1775a387c66",
                "sha256:d37f8ec982ead9ba0a22a996129594938138a1503237b87318392a48882d50b7",
                "sha256:d81e6987b27bc7d101c8597e1cd2bcaa2fee5e8e0f356735c7ed34368c471550",
                "sha256:dcf4e6d85614f7a4956c2de5a56531f44efb973d2fe4a444d7251df5d5c4dcfd",
                "sha256:de790a3b5aa2124b8b78ae5faa033937a72da8efe74b9231698b5a1dd9be3405",
                "sha256:e47e9a08bcc04d20975b6434cc50bf82665fbc751bcce739d04a3120428f3e27",
                "sha256:e60f112ac88db9261ad3a52032ea46388378034f3279c643499edb982536a093",
                "sha256:e87fc540c6cac7f29ede02e0f989d4233f88ad439c5cdee56f693cc9c1c78077",
                "sha256:eac5c82fc632c599f4639a5886f96867ffced74458c7db61bc9a66ccb8ee3113",
                "sha256:ebb4e035e28f49b6f1a7032920bb9a0c064aedbbabe52c543343d39341a5b2a3",
                "sha256:ec1e72d6412f7126eb7b2e3bfca42b15e6e389e1bc88ea0069d0cc1742f477c6",
                "sha256:ef98ca7d5995a82f43ec0ab39c4caf6a9b994cb0b53648ff61716370eadc43cf",
                "sha256:f0cbc7fff06a90bbd875cc201f94ef0ee3929dfbd5c55a06674b60857b8b85ed",
                "sha256:f4791cf0f8c3104ac668797d8c514afb3431bc3305f5638add0ba1a5a37e0d88",
                "sha256:f5e412d717366e0677ef767eac93566582518fe8be923361a5c204c1a62eaafe",
                "sha256:fb2ed8b3fe4bf4506d6dab3b93b83bbc22237e230cba03866d561c3577517d18",
                "sha256:fe0a5a1025eb797752136ac8b4fa21aa891e3d74fd340f864ff982d649691867"
            ],
            "markers": "python_version >= '3.7'",
            "version": "==2.14.5"
        },
        "pydantic-settings": {
            "hashes": [
                "sha256:26b1492e0a24755626ac5e6d715e9077ab7ad4fb5f19a8b7ed7011d52f36141c",
                "sha256:7621c0cb5d90d1140d2f0ef557bdf03573aac7035948109adf2574770b77605a"
            ],
            "index": "pypi",
            "markers": "python_version >= '3.8'",
            "version": "==2.1.0"
        },
        "python-dotenv": {
            "hashes": [
                "sha256:a8df96034aae6d2d50a4ebe8216326c61c3eb64836776504fcca410e5937a3ba",
                "sha256:f5971a9226b701070a4bf2c38c89e5a3f0d64de8debda981d1db98583009122a"
            ],
            "index": "pypi",
            "markers": "python_version >= '3.8'",
            "version": "==1.0.0"
        },
        "python-jose": {
            "hashes": [
                "sha256:55779b5e6ad599c6336191246e95eb2293a9ddebd555f796a65f838f07e5d78a",
                "sha256:9b1376b023f8b298536eedd47ae1089bcdb848f1535ab30555cd92002d78923a"
            ],
            "index": "pypi",
            "version": "==3.3.0"
        },
        "python-multipart": {
            "hashes": [
                "sha256:e9925a80bb668529f1b67c7fdb0a5dacdd7cbfc6fb0bff3ea443fe22bdd62132",
                "sha256:ee698bab5ef148b0a760751c261902cd096e57e10558e11aca17646b74ee1c18"
            ],
            "index": "pypi",
            "markers": "python_version >= '3.7'",
            "version": "==0.0.6"
        },
        "rsa": {
            "hashes": [
                "sha256:90260d9058e514786967344d0ef75fa8727eed8a7d2e43ce9f4bcf1b536174f7",
                "sha256:e38464a49c6c85d7f1351b0126661487a7e0a14a50f1675ec50eb34d4f20ef21"
            ],
            "markers": "python_version >= '3.6' and python_version < '4'",
            "version": "==4.9"
        },
        "six": {
            "hashes": [
                "sha256:4721f391ed90541fddacab5acf947aa0d3dc7d27b2e1e8eda2be8970586c3274",
                "sha256:ff70335d468e7eb6ec65b95b99d3a2836546063f63acc5171de367e834932a81"
            ],
            "markers": "python_version >= '2.7' and python_version not in '3.0, 3.1, 3.2, 3.3'",
            "version": "==1.17.0"
        },
        "sniffio": {
            "hashes": [
                "sha256:2f6da418d1f1e0fddd844478f41680e794e6051915791a034ff65e5f100525a2",
                "sha256:f4324edc670a0f49750a81b895f35c3adb843cca46f0530f79fc1babb23789dc"
            ],
            "markers": "python_version >= '3.7'",
            "version": "==1.3.1"
        },
        "sqlalchemy": {
            "hashes": [
                "sha256:0666031df46b9badba9bed00092a1ffa3aa063a5e68fa244acd9f08070e936d3",
                "sha256:0a8c6aa506893e25a04233bc721c6b6cf844bafd7250535abb56cb6cc1368884",
                "sha256:0e680527245895aba86afbd5bef6c316831c02aa988d1aad83c47ffe92655e74",
                "sha256:14aebfe28b99f24f8a4c1346c48bc3d63705b1f919a24c27471136d2f219f02d",
                "sha256:1e018aba8363adb0599e745af245306cb8c46b9ad0a6fc0a86745b6ff7d940fc",
                "sha256:227135ef1e48165f37590b8bfc44ed7ff4c074bf04dc8d6f8e7f1c14a94aa6ca",
                "sha256:31952bbc527d633b9479f5f81e8b9dfada00b91d6baba021a869095f1a97006d",
                "sha256:3e983fa42164577d073778d06d2cc5d020322425a509a08119bdcee70ad856bf",
                "sha256:42d0b0290a8fb0165ea2c2781ae66e95cca6e27a2fbe1016ff8db3112ac1e846",
                "sha256:42ede90148b73fe4ab4a089f3126b2cfae8cfefc955c8174d697bb46210c8306",
                "sha256:4895a63e2c271ffc7a81ea424b94060f7b3b03b4ea0cd58ab5bb676ed02f4221",
                "sha256:4af79c06825e2836de21439cb2a6ce22b2ca129bad74f359bddd173f39582bf5",
                "sha256:5f94aeb99f43729960638e7468d4688f6efccb837a858b34574e01143cf11f89",
                "sha256:616fe7bcff0a05098f64b4478b78ec2dfa03225c23734d83d6c169eb41a93e55",
                "sha256:62d9e964870ea5ade4bc870ac4004c456efe75fb50404c03c5fd61f8bc669a72",
                "sha256:638c2c0b6b4661a4fd264f6fb804eccd392745c5887f9317feb64bb7cb03b3ea",
                "sha256:63bfc3acc970776036f6d1d0e65faa7473be9f3135d37a463c5eba5efcdb24c8",
                "sha256:6463aa765cf02b9247e38b35853923edbf2f6fd1963df88706bc1d02410a5577",
                "sha256:64ac935a90bc479fee77f9463f298943b0e60005fe5de2aa654d9cdef46c54df",
                "sha256:683ef58ca8eea4747737a1c35c11372ffeb84578d3aab8f3e10b1d13d66f2bc4",
                "sha256:75eefe09e98043cff2fb8af9796e20747ae870c903dc61d41b0c2e55128f958d",
                "sha256:787af80107fb691934a01889ca8f82a44adedbf5ef3d6ad7d0f0b9ac557e0c34",
                "sha256:7c424983ab447dab126c39d3ce3be5bee95700783204a72549c3dceffe0fc8f4",
                "sha256:7e0dc9031baa46ad0dd5a269cb7a92a73284d1309228be1d5935dac8fb3cae24",
                "sha256:87a3d6b53c39cd173990de2f5f4b83431d534a74f0e2f88bd16eabb5667e65c6",
                "sha256:89a01238fcb9a8af118eaad3ffcc5dedaacbd429dc6fdc43fe430d3a941ff965",
                "sha256:9585b646ffb048c0250acc7dad92536591ffe35dba624bb8fd9b471e25212a35",
                "sha256:964971b52daab357d2c0875825e36584d58f536e920f2968df8d581054eada4b",
                "sha256:967c0b71156f793e6662dd839da54f884631755275ed71f1539c95bbada9aaab",
                "sha256:9ca922f305d67605668e93991aaf2c12239c78207bca3b891cd51a4515c72e22",
                "sha256:a86cb7063e2c9fb8e774f77fbf8475516d270a3e989da55fa05d08089d77f8c4",
                "sha256:aeb397de65a0a62f14c257f36a726945a7f7bb60253462e8602d9b97b5cbe204",
                "sha256:b41f5d65b54cdf4934ecede2f41b9c60c9f785620416e8e6c48349ab18643855",
                "sha256:bd45a5b6c68357578263d74daab6ff9439517f87da63442d244f9f23df56138d",
                "sha256:c14eba45983d2f48f7546bb32b47937ee2cafae353646295f0e99f35b14286ab",
                "sha256:c1bda93cbbe4aa2aa0aa8655c5aeda505cd219ff3e8da91d1d329e143e4aff69",
                "sha256:c4722f3bc3c1c2fcc3702dbe0016ba31148dd6efcd2a2fd33c1b4897c6a19693",
                "sha256:c80c38bd2ea35b97cbf7c21aeb129dcbebbf344ee01a7141016ab7b851464f8e",
                "sha256:cabafc7837b6cec61c0e1e5c6d14ef250b675fa9c3060ed8a7e38653bd732ff8",
                "sha256:cc1d21576f958c42d9aec68eba5c1a7d715e5fc07825a629015fe8e3b0657fb0",
                "sha256:d0f7fb0c7527c41fa6fcae2be537ac137f636a41b4c5a4c58914541e2f436b45",
                "sha256:d4041ad05b35f1f4da481f6b811b4af2f29e83af253bf37c3c4582b2c68934ab",
                "sha256:d5578e6863eeb998980c212a39106ea139bdc0b3f73291b96e27c929c90cd8e1",
                "sha256:e3b5036aa326dc2df50cba3c958e29b291a80f604b1afa4c8ce73e78e1c9f01d",
                "sha256:e599a51acf3cc4d31d1a0cf248d8f8d863b6386d2b6782c5074427ebb7803bda",
                "sha256:f3420d00d2cb42432c1d0e44540ae83185ccbbc67a6054dcc8ab5387add6620b",
                "sha256:f48ed89dd11c3c586f45e9eec1e437b355b3b6f6884ea4a4c3111a3358fd0c18",
                "sha256:f508ba8f89e0a5ecdfd3761f82dda2a3d7b678a626967608f4273e0dba8f07ac",
                "sha256:fd54601ef9cc455a0c61e5245f690c8a3ad67ddb03d3b91c361d076def0b4c60"
            ],
            "index": "pypi",
            "markers": "python_version >= '3.7'",
            "version": "==2.0.23"
        },
        "starlette": {
            "hashes": [
                "sha256:6a6b0d042acb8d469a01eba54e9cda6cbd24ac602c4cd016723117d6a7e73b75",
                "sha256:918416370e846586541235ccd38a474c08b80443ed31c578a418e2209b3eef91"
            ],
            "markers": "python_version >= '3.7'",
            "version": "==0.27.0"
        },
        "typing-extensions": {
            "hashes": [
                "sha256:04e5ca0351e0f3f85c6853954072df659d0d13fac324d0072316b67d7794700d",
                "sha256:1a7ead55c7e559dd4dee8856e3a88b41225abfe1ce8df57b7c13915fe121ffb8"
            ],
            "markers": "python_version >= '3.8'",
            "version": "==4.12.2"
        },
        "uvicorn": {
            "hashes": [
                "sha256:368d5d81520a51be96431845169c225d771c9dd22a58613e1a181e6c4512ac33",
                "sha256:3d19f13dfd2c2af1bfe34dd0f7155118ce689425fdf931177abe832ca44b8a04"
            ],
            "index": "pypi",
            "markers": "python_version >= '3.8'",
            "version": "==0.24.0"
        }
    },
    "develop": {}
}
